{
  "name": "claude-md",
  "version": "1.0.0",
  "lockfileVersion": 3,
  "requires": true,
  "packages": {
    "": {
      "name": "claude-md",
      "version": "1.0.0",
      "license": "MIT",
      "bin": {
        "claude-md": "bin/index.js"
      },
      "engines": {
        "node": ">=16"
      }
    }
  }
}
